
Microsoft Visual Studio Solution File, Format Version 12.00
# Visual Studio Version 16
VisualStudioVersion = 16.0.29728.190
MinimumVisualStudioVersion = 10.0.40219.1
Project("{FAE04EC0-301F-11D3-BF4B-00C04F79EFBC}") = "StudentService", "StudentService\StudentService.csproj", "{43056C40-8962-4DA8-B883-D5829A90EF74}"
EndProject
Global
	GlobalSection(SolutionConfigurationPlatforms) = preSolution
		Debug|Any CPU = Debug|Any CPU
		Release|Any CPU = Release|Any CPU
	EndGlobalSection
	GlobalSection(ProjectConfigurationPlatforms) = postSolution
		{43056C40-8962-4DA8-B883-D5829A90EF74}.Debug|Any CPU.ActiveCfg = Debug|Any CPU
		{43056C40-8962-4DA8-B883-D5829A90EF74}.Debug|Any CPU.Build.0 = Debug|Any CPU
		{43056C40-8962-4DA8-B883-D5829A90EF74}.Release|Any CPU.ActiveCfg = Release|Any CPU
		{43056C40-8962-4DA8-B883-D5829A90EF74}.Release|Any CPU.Build.0 = Release|Any CPU
	EndGlobalSection
	GlobalSection(SolutionProperties) = preSolution
		HideSolutionNode = FALSE
	EndGlobalSection
	GlobalSection(ExtensibilityGlobals) = postSolution
		SolutionGuid = {E2E007A4-67FF-4097-9BF9-4CA2B014C745}
	EndGlobalSection
EndGlobal
